// !$*UTF8*$!
{
	archiveVersion = 1;
	classes = {
	};
	objectVersion = 46;
	objects = {

/* Begin PBXBuildFile section */
		EB91AB511843352600C43898 /* Foundation.framework in Frameworks */ = {isa = PBXBuildFile; fileRef = EB91AB501843352600C43898 /* Foundation.framework */; };
		EB91AB531843352600C43898 /* CoreGraphics.framework in Frameworks */ = {isa = PBXBuildFile; fileRef = EB91AB521843352600C43898 /* CoreGraphics.framework */; };
		EB91AB551843352600C43898 /* UIKit.framework in Frameworks */ = {isa = PBXBuildFile; fileRef = EB91AB541843352600C43898 /* UIKit.framework */; };
		EB91AB5B1843352600C43898 /* InfoPlist.strings in Resources */ = {isa = PBXBuildFile; fileRef = EB91AB591843352600C43898 /* InfoPlist.strings */; };
		EB91AB5D1843352600C43898 /* main.m in Sources */ = {isa = PBXBuildFile; fileRef = EB91AB5C1843352600C43898 /* main.m */; };
		EB91AB611843352600C43898 /* GitTestExampleAppDelegate.m in Sources */ = {isa = PBXBuildFile; fileRef = EB91AB601843352600C43898 /* GitTestExampleAppDelegate.m */; };
		EB91AB641843352600C43898 /* Main.storyboard in Resources */ = {isa = PBXBuildFile; fileRef = EB91AB621843352600C43898 /* Main.storyboard */; };
		EB91AB671843352600C43898 /* GitTestExampleViewController.m in Sources */ = {isa = PBXBuildFile; fileRef = EB91AB661843352600C43898 /* GitTestExampleViewController.m */; };
		EB91AB691843352600C43898 /* Images.xcassets in Resources */ = {isa = PBXBuildFile; fileRef = EB91AB681843352600C43898 /* Images.xcassets */; };
		EB91AB701843352600C43898 /* XCTest.framework in Frameworks */ = {isa = PBXBuildFile; fileRef = EB91AB6F1843352600C43898 /* XCTest.framework */; };
		EB91AB711843352600C43898 /* Foundation.framework in Frameworks */ = {isa = PBXBuildFile; fileRef = EB91AB501843352600C43898 /* Foundation.framework */; };
		EB91AB721843352600C43898 /* UIKit.framework in Frameworks */ = {isa = PBXBuildFile; fileRef = EB91AB541843352600C43898 /* UIKit.framework */; };
		EB91AB7A1843352600C43898 /* InfoPlist.strings in Resources */ = {isa = PBXBuildFile; fileRef = EB91AB781843352600C43898 /* InfoPlist.strings */; };
		EB91AB7C1843352600C43898 /* GitTestExampleTests.m in Sources */ = {isa = PBXBuildFile; fileRef = EB91AB7B1843352600C43898 /* GitTestExampleTests.m */; };
/* End PBXBuildFile section */

/* Begin PBXContainerItemProxy section */
		EB91AB731843352600C43898 /* PBXContainerItemProxy */ = {
			isa = PBXContainerItemProxy;
			containerPortal = EB91AB451843352600C43898 /* Project object */;
			proxyType = 1;
			remoteGlobalIDString = EB91AB4C1843352600C43898;
			remoteInfo = GitTestExample;
		};
/* End PBXContainerItemProxy section */

/* Begin PBXFileReference section */
		EB91AB4D1843352600C43898 /* GitTestExample.app */ = {isa = PBXFileReference; explicitFileType = wrapper.application; includeInIndex = 0; path = GitTestExample.app; sourceTree = BUILT_PRODUCTS_DIR; };
		EB91AB501843352600C43898 /* Foundation.framework */ = {isa = PBXFileReference; lastKnownFileType = wrapper.framework; name = Foundation.framework; path = System/Library/Frameworks/Foundation.framework; sourceTree = SDKROOT; };
		EB91AB521843352600C43898 /* CoreGraphics.framework */ = {isa = PBXFileReference; lastKnownFileType = wrapper.framework; name = CoreGraphics.framework; path = System/Library/Frameworks/CoreGraphics.framework; sourceTree = SDKROOT; };
		EB91AB541843352600C43898 /* UIKit.framework */ = {isa = PBXFileReference; lastKnownFileType = wrapper.framework; name = UIKit.framework; path = System/Library/Frameworks/UIKit.framework; sourceTree = SDKROOT; };
		EB91AB581843352600C43898 /* GitTestExample-Info.plist */ = {isa = PBXFileReference; lastKnownFileType = text.plist.xml; path = "GitTestExample-Info.plist"; sourceTree = "<group>"; };
		EB91AB5A1843352600C43898 /* en */ = {isa = PBXFileReference; lastKnownFileType = text.plist.strings; name = en; path = en.lproj/InfoPlist.strings; sourceTree = "<group>"; };
		EB91AB5C1843352600C43898 /* main.m */ = {isa = PBXFileReference; lastKnownFileType = sourcecode.c.objc; path = main.m; sourceTree = "<group>"; };
		EB91AB5E1843352600C43898 /* GitTestExample-Prefix.pch */ = {isa = PBXFileReference; lastKnownFileType = sourcecode.c.h; path = "GitTestExample-Prefix.pch"; sourceTree = "<group>"; };
		EB91AB5F1843352600C43898 /* GitTestExampleAppDelegate.h */ = {isa = PBXFileReference; lastKnownFileType = sourcecode.c.h; path = GitTestExampleAppDelegate.h; sourceTree = "<group>"; };
		EB91AB601843352600C43898 /* GitTestExampleAppDelegate.m */ = {isa = PBXFileReference; lastKnownFileType = sourcecode.c.objc; path = GitTestExampleAppDelegate.m; sourceTree = "<group>"; };
		EB91AB631843352600C43898 /* Base */ = {isa = PBXFileReference; lastKnownFileType = file.storyboard; name = Base; path = Base.lproj/Main.storyboard; sourceTree = "<group>"; };
		EB91AB651843352600C43898 /* GitTestExampleViewController.h */ = {isa = PBXFileReference; lastKnownFileType = sourcecode.c.h; path = GitTestExampleViewController.h; sourceTree = "<group>"; };
		EB91AB661843352600C43898 /* GitTestExampleViewController.m */ = {isa = PBXFileReference; lastKnownFileType = sourcecode.c.objc; path = GitTestExampleViewController.m; sourceTree = "<group>"; };
		EB91AB681843352600C43898 /* Images.xcassets */ = {isa = PBXFileReference; lastKnownFileType = folder.assetcatalog; path = Images.xcassets; sourceTree = "<group>"; };
		EB91AB6E1843352600C43898 /* GitTestExampleTests.xctest */ = {isa = PBXFileReference; explicitFileType = wrapper.cfbundle; includeInIndex = 0; path = GitTestExampleTests.xctest; sourceTree = BUILT_PRODUCTS_DIR; };
		EB91AB6F1843352600C43898 /* XCTest.framework */ = {isa = PBXFileReference; lastKnownFileType = wrapper.framework; name = XCTest.framework; path = Library/Frameworks/XCTest.framework; sourceTree = DEVELOPER_DIR; };
		EB91AB771843352600C43898 /* GitTestExampleTests-Info.plist */ = {isa = PBXFileReference; lastKnownFileType = text.plist.xml; path = "GitTestExampleTests-Info.plist"; sourceTree = "<group>"; };
		EB91AB791843352600C43898 /* en */ = {isa = PBXFileReference; lastKnownFileType = text.plist.strings; name = en; path = en.lproj/InfoPlist.strings; sourceTree = "<group>"; };
		EB91AB7B1843352600C43898 /* GitTestExampleTests.m */ = {isa = PBXFileReference; lastKnownFileType = sourcecode.c.objc; path = GitTestExampleTests.m; sourceTree = "<group>"; };
/* End PBXFileReference section */

/* Begin PBXFrameworksBuildPhase section */
		EB91AB4A1843352600C43898 /* Frameworks */ = {
			isa = PBXFrameworksBuildPhase;
			buildActionMask = 2147483647;
			files = (
				EB91AB531843352600C43898 /* CoreGraphics.framework in Frameworks */,
				EB91AB551843352600C43898 /* UIKit.framework in Frameworks */,
				EB91AB511843352600C43898 /* Foundation.framework in Frameworks */,
			);
			runOnlyForDeploymentPostprocessing = 0;
		};
		EB91AB6B1843352600C43898 /* Frameworks */ = {
			isa = PBXFrameworksBuildPhase;
			buildActionMask = 2147483647;
			files = (
				EB91AB701843352600C43898 /* XCTest.framework in Frameworks */,
				EB91AB721843352600C43898 /* UIKit.framework in Frameworks */,
				EB91AB711843352600C43898 /* Foundation.framework in Frameworks */,
			);
			runOnlyForDeploymentPostprocessing = 0;
		};
/* End PBXFrameworksBuildPhase section */

/* Begin PBXGroup section */
		EB91AB441843352600C43898 = {
			isa = PBXGroup;
			children = (
				EB91AB561843352600C43898 /* GitTestExample */,
				EB91AB751843352600C43898 /* GitTestExampleTests */,
				EB91AB4F1843352600C43898 /* Frameworks */,
				EB91AB4E1843352600C43898 /* Products */,
			);
			sourceTree = "<group>";
		};
		EB91AB4E1843352600C43898 /* Products */ = {
			isa = PBXGroup;
			children = (
				EB91AB4D1843352600C43898 /* GitTestExample.app */,
				EB91AB6E1843352600C43898 /* GitTestExampleTests.xctest */,
			);
			name = Products;
			sourceTree = "<group>";
		};
		EB91AB4F1843352600C43898 /* Frameworks */ = {
			isa = PBXGroup;
			children = (
				EB91AB501843352600C43898 /* Foundation.framework */,
				EB91AB521843352600C43898 /* CoreGraphics.framework */,
				EB91AB541843352600C43898 /* UIKit.framework */,
				EB91AB6F1843352600C43898 /* XCTest.framework */,
			);
			name = Frameworks;
			sourceTree = "<group>";
		};
		EB91AB561843352600C43898 /* GitTestExample */ = {
			isa = PBXGroup;
			children = (
				EB91AB5F1843352600C43898 /* GitTestExampleAppDelegate.h */,
				EB91AB601843352600C43898 /* GitTestExampleAppDelegate.m */,
				EB91AB621843352600C43898 /* Main.storyboard */,
				EB91AB651843352600C43898 /* GitTestExampleViewController.h */,
				EB91AB661843352600C43898 /* GitTestExampleViewController.m */,
				EB91AB681843352600C43898 /* Images.xcassets */,
				EB91AB571843352600C43898 /* Supporting Files */,
			);
			path = GitTestExample;
			sourceTree = "<group>";
		};
		EB91AB571843352600C43898 /* Supporting Files */ = {
			isa = PBXGroup;
			children = (
				EB91AB581843352600C43898 /* GitTestExample-Info.plist */,
				EB91AB591843352600C43898 /* InfoPlist.strings */,
				EB91AB5C1843352600C43898 /* main.m */,
				EB91AB5E1843352600C43898 /* GitTestExample-Prefix.pch */,
			);
			name = "Supporting Files";
			sourceTree = "<group>";
		};
		EB91AB751843352600C43898 /* GitTestExampleTests */ = {
			isa = PBXGroup;
			children = (
				EB91AB7B1843352600C43898 /* GitTestExampleTests.m */,
				EB91AB761843352600C43898 /* Supporting Files */,
			);
			path = GitTestExampleTests;
			sourceTree = "<group>";
		};
		EB91AB761843352600C43898 /* Supporting Files */ = {
			isa = PBXGroup;
			children = (
				EB91AB771843352600C43898 /* GitTestExampleTests-Info.plist */,
				EB91AB781843352600C43898 /* InfoPlist.strings */,
			);
			name = "Supporting Files";
			sourceTree = "<group>";
		};
/* End PBXGroup section */

/* Begin PBXNativeTarget section */
		EB91AB4C1843352600C43898 /* GitTestExample */ = {
			isa = PBXNativeTarget;
			buildConfigurationList = EB91AB7F1843352700C43898 /* Build configuration list for PBXNativeTarget "GitTestExample" */;
			buildPhases = (
				EB91AB491843352600C43898 /* Sources */,
				EB91AB4A1843352600C43898 /* Frameworks */,
				EB91AB4B1843352600C43898 /* Resources */,
			);
			buildRules = (
			);
			dependencies = (
			);
			name = GitTestExample;
			productName = GitTestExample;
			productReference = EB91AB4D1843352600C43898 /* GitTestExample.app */;
			productType = "com.apple.product-type.application";
		};
		EB91AB6D1843352600C43898 /* GitTestExampleTests */ = {
			isa = PBXNativeTarget;
			buildConfigurationList = EB91AB821843352700C43898 /* Build configuration list for PBXNativeTarget "GitTestExampleTests" */;
			buildPhases = (
				EB91AB6A1843352600C43898 /* Sources */,
				EB91AB6B1843352600C43898 /* Frameworks */,
				EB91AB6C1843352600C43898 /* Resources */,
			);
			buildRules = (
			);
			dependencies = (
				EB91AB741843352600C43898 /* PBXTargetDependency */,
			);
			name = GitTestExampleTests;
			productName = GitTestExampleTests;
			productReference = EB91AB6E1843352600C43898 /* GitTestExampleTests.xctest */;
			productType = "com.apple.product-type.bundle.unit-test";
		};
/* End PBXNativeTarget section */

/* Begin PBXProject section */
		EB91AB451843352600C43898 /* Project object */ = {
			isa = PBXProject;
			attributes = {
				CLASSPREFIX = GitTestExample;
				LastUpgradeCheck = 0500;
				ORGANIZATIONNAME = GitTestExample;
				TargetAttributes = {
					EB91AB6D1843352600C43898 = {
						TestTargetID = EB91AB4C1843352600C43898;
					};
				};
			};
			buildConfigurationList = EB91AB481843352600C43898 /* Build configuration list for PBXProject "GitTestExample" */;
			compatibilityVersion = "Xcode 3.2";
			developmentRegion = English;
			hasScannedForEncodings = 0;
			knownRegions = (
				en,
				Base,
			);
			mainGroup = EB91AB441843352600C43898;
			productRefGroup = EB91AB4E1843352600C43898 /* Products */;
			projectDirPath = "";
			projectRoot = "";
			targets = (
				EB91AB4C1843352600C43898 /* GitTestExample */,
				EB91AB6D1843352600C43898 /* GitTestExampleTests */,
			);
		};
/* End PBXProject section */

/* Begin PBXResourcesBuildPhase section */
		EB91AB4B1843352600C43898 /* Resources */ = {
			isa = PBXResourcesBuildPhase;
			buildActionMask = 2147483647;
			files = (
				EB91AB691843352600C43898 /* Images.xcassets in Resources */,
				EB91AB5B1843352600C43898 /* InfoPlist.strings in Resources */,
				EB91AB641843352600C43898 /* Main.storyboard in Resources */,
			);
			runOnlyForDeploymentPostprocessing = 0;
		};
		EB91AB6C1843352600C43898 /* Resources */ = {
			isa = PBXResourcesBuildPhase;
			buildActionMask = 2147483647;
			files = (
				EB91AB7A1843352600C43898 /* InfoPlist.strings in Resources */,
			);
			runOnlyForDeploymentPostprocessing = 0;
		};
/* End PBXResourcesBuildPhase section */

/* Begin PBXSourcesBuildPhase section */
		EB91AB491843352600C43898 /* Sources */ = {
			isa = PBXSourcesBuildPhase;
			buildActionMask = 2147483647;
			files = (
				EB91AB611843352600C43898 /* GitTestExampleAppDelegate.m in Sources */,
				EB91AB5D1843352600C43898 /* main.m in Sources */,
				EB91AB671843352600C43898 /* GitTestExampleViewController.m in Sources */,
			);
			runOnlyForDeploymentPostprocessing = 0;
		};
		EB91AB6A1843352600C43898 /* Sources */ = {
			isa = PBXSourcesBuildPhase;
			buildActionMask = 2147483647;
			files = (
				EB91AB7C1843352600C43898 /* GitTestExampleTests.m in Sources */,
			);
			runOnlyForDeploymentPostprocessing = 0;
		};
/* End PBXSourcesBuildPhase section */

/* Begin PBXTargetDependency section */
		EB91AB741843352600C43898 /* PBXTargetDependency */ = {
			isa = PBXTargetDependency;
			target = EB91AB4C1843352600C43898 /* GitTestExample */;
			targetProxy = EB91AB731843352600C43898 /* PBXContainerItemProxy */;
		};
/* End PBXTargetDependency section */

/* Begin PBXVariantGroup section */
		EB91AB591843352600C43898 /* InfoPlist.strings */ = {
			isa = PBXVariantGroup;
			children = (
				EB91AB5A1843352600C43898 /* en */,
			);
			name = InfoPlist.strings;
			sourceTree = "<group>";
		};
		EB91AB621843352600C43898 /* Main.storyboard */ = {
			isa = PBXVariantGroup;
			children = (
				EB91AB631843352600C43898 /* Base */,
			);
			name = Main.storyboard;
			sourceTree = "<group>";
		};
		EB91AB781843352600C43898 /* InfoPlist.strings */ = {
			isa = PBXVariantGroup;
			children = (
				EB91AB791843352600C43898 /* en */,
			);
			name = InfoPlist.strings;
			sourceTree = "<group>";
		};
/* End PBXVariantGroup section */

/* Begin XCBuildConfiguration section */
		EB91AB7D1843352700C43898 /* Debug */ = {
			isa = XCBuildConfiguration;
			buildSettings = {
				ALWAYS_SEARCH_USER_PATHS = NO;
				ARCHS = "$(ARCHS_STANDARD_INCLUDING_64_BIT)";
				CLANG_CXX_LANGUAGE_STANDARD = "gnu++0x";
				CLANG_CXX_LIBRARY = "libc++";
				CLANG_ENABLE_MODULES = YES;
				CLANG_ENABLE_OBJC_ARC = YES;
				CLANG_WARN_BOOL_CONVERSION = YES;
				CLANG_WARN_CONSTANT_CONVERSION = YES;
				CLANG_WARN_DIRECT_OBJC_ISA_USAGE = YES_ERROR;
				CLANG_WARN_EMPTY_BODY = YES;
				CLANG_WARN_ENUM_CONVERSION = YES;
				CLANG_WARN_INT_CONVERSION = YES;
				CLANG_WARN_OBJC_ROOT_CLASS = YES_ERROR;
				CLANG_WARN__DUPLICATE_METHOD_MATCH = YES;
				"CODE_SIGN_IDENTITY[sdk=iphoneos*]" = "iPhone Developer";
				COPY_PHASE_STRIP = NO;
				GCC_C_LANGUAGE_STANDARD = gnu99;
				GCC_DYNAMIC_NO_PIC = NO;
				GCC_OPTIMIZATION_LEVEL = 0;
				GCC_PREPROCESSOR_DEFINITIONS = (
					"DEBUG=1",
					"$(inherited)",
				);
				GCC_SYMBOLS_PRIVATE_EXTERN = NO;
				GCC_WARN_64_TO_32_BIT_CONVERSION = YES;
				GCC_WARN_ABOUT_RETURN_TYPE = YES_ERROR;
				GCC_WARN_UNDECLARED_SELECTOR = YES;
				GCC_WARN_UNINITIALIZED_AUTOS = YES;
				GCC_WARN_UNUSED_FUNCTION = YES;
				GCC_WARN_UNUSED_VARIABLE = YES;
				IPHONEOS_DEPLOYMENT_TARGET = 7.0;
				ONLY_ACTIVE_ARCH = YES;
				SDKROOT = iphoneos;
				TARGETED_DEVICE_FAMILY = 2;
			};
			name = Debug;
		};
		EB91AB7E1843352700C43898 /* Release */ = {
			isa = XCBuildConfiguration;
			buildSettings = {
				ALWAYS_SEARCH_USER_PATHS = NO;
				ARCHS = "$(ARCHS_STANDARD_INCLUDING_64_BIT)";
				CLANG_CXX_LANGUAGE_STANDARD = "gnu++0x";
				CLANG_CXX_LIBRARY = "libc++";
				CLANG_ENABLE_MODULES = YES;
				CLANG_ENABLE_OBJC_ARC = YES;
				CLANG_WARN_BOOL_CONVERSION = YES;
				CLANG_WARN_CONSTANT_CONVERSION = YES;
				CLANG_WARN_DIRECT_OBJC_ISA_USAGE = YES_ERROR;
				CLANG_WARN_EMPTY_BODY = YES;
				CLANG_WARN_ENUM_CONVERSION = YES;
				CLANG_WARN_INT_CONVERSION = YES;
				CLANG_WARN_OBJC_ROOT_CLASS = YES_ERROR;
				CLANG_WARN__DUPLICATE_METHOD_MATCH = YES;
				"CODE_SIGN_IDENTITY[sdk=iphoneos*]" = "iPhone Developer";
				COPY_PHASE_STRIP = YES;
				ENABLE_NS_ASSERTIONS = NO;
				GCC_C_LANGUAGE_STANDARD = gnu99;
				GCC_WARN_64_TO_32_BIT_CONVERSION = YES;
				GCC_WARN_ABOUT_RETURN_TYPE = YES_ERROR;
				GCC_WARN_UNDECLARED_SELECTOR = YES;
				GCC_WARN_UNINITIALIZED_AUTOS = YES;
				GCC_WARN_UNUSED_FUNCTION = YES;
				GCC_WARN_UNUSED_VARIABLE = YES;
				IPHONEOS_DEPLOYMENT_TARGET = 7.0;
				SDKROOT = iphoneos;
				TARGETED_DEVICE_FAMILY = 2;
				VALIDATE_PRODUCT = YES;
			};
			name = Release;
		};
		EB91AB801843352700C43898 /* Debug */ = {
			isa = XCBuildConfiguration;
			buildSettings = {
				ASSETCATALOG_COMPILER_APPICON_NAME = AppIcon;
				ASSETCATALOG_COMPILER_LAUNCHIMAGE_NAME = LaunchImage;
				GCC_PRECOMPILE_PREFIX_HEADER = YES;
				GCC_PREFIX_HEADER = "GitTestExample/GitTestExample-Prefix.pch";
				INFOPLIST_FILE = "GitTestExample/GitTestExample-Info.plist";
				PRODUCT_NAME = "$(TARGET_NAME)";
				WRAPPER_EXTENSION = app;
			};
			name = Debug;
		};
		EB91AB811843352700C43898 /* Release */ = {
			isa = XCBuildConfiguration;
			buildSettings = {
				ASSETCATALOG_COMPILER_APPICON_NAME = AppIcon;
				ASSETCATALOG_COMPILER_LAUNCHIMAGE_NAME = LaunchImage;
				GCC_PRECOMPILE_PREFIX_HEADER = YES;
				GCC_PREFIX_HEADER = "GitTestExample/GitTestExample-Prefix.pch";
				INFOPLIST_FILE = "GitTestExample/GitTestExample-Info.plist";
				PRODUCT_NAME = "$(TARGET_NAME)";
				WRAPPER_EXTENSION = app;
			};
			name = Release;
		};
		EB91AB831843352700C43898 /* Debug */ = {
			isa = XCBuildConfiguration;
			buildSettings = {
				ARCHS = "$(ARCHS_STANDARD_INCLUDING_64_BIT)";
				BUNDLE_LOADER = "$(BUILT_PRODUCTS_DIR)/GitTestExample.app/GitTestExample";
				FRAMEWORK_SEARCH_PATHS = (
					"$(SDKROOT)/Developer/Library/Frameworks",
					"$(inherited)",
					"$(DEVELOPER_FRAMEWORKS_DIR)",
				);
				GCC_PRECOMPILE_PREFIX_HEADER = YES;
				GCC_PREFIX_HEADER = "GitTestExample/GitTestExample-Prefix.pch";
				GCC_PREPROCESSOR_DEFINITIONS = (
					"DEBUG=1",
					"$(inherited)",
				);
				INFOPLIST_FILE = "GitTestExampleTests/GitTestExampleTests-Info.plist";
				PRODUCT_NAME = "$(TARGET_NAME)";
				TEST_HOST = "$(BUNDLE_LOADER)";
				WRAPPER_EXTENSION = xctest;
			};
			name = Debug;
		};
		EB91AB841843352700C43898 /* Release */ = {
			isa = XCBuildConfiguration;
			buildSettings = {
				ARCHS = "$(ARCHS_STANDARD_INCLUDING_64_BIT)";
				BUNDLE_LOADER = "$(BUILT_PRODUCTS_DIR)/GitTestExample.app/GitTestExample";
				FRAMEWORK_SEARCH_PATHS = (
					"$(SDKROOT)/Developer/Library/Frameworks",
					"$(inherited)",
					"$(DEVELOPER_FRAMEWORKS_DIR)",
				);
				GCC_PRECOMPILE_PREFIX_HEADER = YES;
				GCC_PREFIX_HEADER = "GitTestExample/GitTestExample-Prefix.pch";
				INFOPLIST_FILE = "GitTestExampleTests/GitTestExampleTests-Info.plist";
				PRODUCT_NAME = "$(TARGET_NAME)";
				TEST_HOST = "$(BUNDLE_LOADER)";
				WRAPPER_EXTENSION = xctest;
			};
			name = Release;
		};
/* End XCBuildConfiguration section */

/* Begin XCConfigurationList section */
		EB91AB481843352600C43898 /* Build configuration list for PBXProject "GitTestExample" */ = {
			isa = XCConfigurationList;
			buildConfigurations = (
				EB91AB7D1843352700C43898 /* Debug */,
				EB91AB7E1843352700C43898 /* Release */,
			);
			defaultConfigurationIsVisible = 0;
			defaultConfigurationName = Release;
		};
		EB91AB7F1843352700C43898 /* Build configuration list for PBXNativeTarget "GitTestExample" */ = {
			isa = XCConfigurationList;
			buildConfigurations = (
				EB91AB801843352700C43898 /* Debug */,
				EB91AB811843352700C43898 /* Release */,
			);
			defaultConfigurationIsVisible = 0;
		};
		EB91AB821843352700C43898 /* Build configuration list for PBXNativeTarget "GitTestExampleTests" */ = {
			isa = XCConfigurationList;
			buildConfigurations = (
				EB91AB831843352700C43898 /* Debug */,
				EB91AB841843352700C43898 /* Release */,
			);
			defaultConfigurationIsVisible = 0;
		};
/* End XCConfigurationList section */
	};
	rootObject = EB91AB451843352600C43898 /* Project object */;
}
